
Microsoft Visual Studio Solution File, Format Version 12.00
# Visual Studio Version 16
VisualStudioVersion = 16.0.31313.79
MinimumVisualStudioVersion = 10.0.40219.1
Project("{FAE04EC0-301F-11D3-BF4B-00C04F79EFBC}") = "ClientWebApp", "ClientWebApp\ClientWebApp.csproj", "{CEE24FBD-F972-4A2D-9EE0-F45924DB5DFA}"
EndProject
Global
	GlobalSection(SolutionConfigurationPlatforms) = preSolution
		Debug|Any CPU = Debug|Any CPU
		Release|Any CPU = Release|Any CPU
	EndGlobalSection
	GlobalSection(ProjectConfigurationPlatforms) = postSolution
		{CEE24FBD-F972-4A2D-9EE0-F45924DB5DFA}.Debug|Any CPU.ActiveCfg = Debug|Any CPU
		{CEE24FBD-F972-4A2D-9EE0-F45924DB5DFA}.Debug|Any CPU.Build.0 = Debug|Any CPU
		{CEE24FBD-F972-4A2D-9EE0-F45924DB5DFA}.Release|Any CPU.ActiveCfg = Release|Any CPU
		{CEE24FBD-F972-4A2D-9EE0-F45924DB5DFA}.Release|Any CPU.Build.0 = Release|Any CPU
	EndGlobalSection
	GlobalSection(SolutionProperties) = preSolution
		HideSolutionNode = FALSE
	EndGlobalSection
	GlobalSection(ExtensibilityGlobals) = postSolution
		SolutionGuid = {578BDD16-A78F-4330-81EF-E5E4D0BA19C5}
	EndGlobalSection
EndGlobal
